{
    "_meta": {
        "hash": {
            "sha256": "26de177e04bc4e706792dab9d53df8b1940aff707fadcac6ec9cb2009cc90895"
        },
        "pipfile-spec": 6,
        "requires": {
            "python_version": "3.6"
        },
        "sources": [
            {
                "name": "pypi",
                "url": "https://pypi.org/simple",
                "verify_ssl": true
            }
        ]
    },
    "default": {
        "aioredis": {
            "hashes": [
                "sha256:9ffa0f9ea4076e5caedf55f095ea758f5137c7d1cd06cd9916081f4320fdaa4d",
                "sha256:d3adfc3295a91a97cab472751e26ff85949566a131cebb27a778e49aa0638c1a"
            ],
            "index": "pypi",
            "version": "==1.1.0"
        },
        "appnope": {
            "hashes": [
                "sha256:5b26757dc6f79a3b7dc9fab95359328d5747fcb2409d331ea66d0272b90ab2a0",
                "sha256:8b995ffe925347a2138d7ac0fe77155e4311a0ea6d6da4f5128fe4b3cbe5ed71"
            ],
            "index": "pypi",
            "version": "==0.1.0"
        },
        "asgiref": {
            "hashes": [
                "sha256:9b05dcd41a6a89ca8c6e7f7e4089c3f3e76b5af60aebb81ae6d455ad81989c97",
                "sha256:b21dc4c43d7aba5a844f4c48b8f49d56277bc34937fd9f9cb93ec97fde7e3082"
            ],
            "index": "pypi",
            "version": "==2.3.2"
        },
        "async-timeout": {
            "hashes": [
                "sha256:474d4bc64cee20603e225eb1ece15e248962958b45a3648a9f5cc29e827a610c",
                "sha256:b3c0ddc416736619bd4a95ca31de8da6920c3b9a140c64dbef2b2fa7bf521287"
            ],
            "index": "pypi",
            "version": "==3.0.0"
        },
        "attrs": {
            "hashes": [
                "sha256:4b90b09eeeb9b88c35bc642cbac057e45a5fd85367b985bd2809c62b7b939265",
                "sha256:e0d0eb91441a3b53dab4d9b743eafc1ac44476296a2053b6ca3af0b139faf87b"
            ],
            "index": "pypi",
            "version": "==18.1.0"
        },
        "autobahn": {
            "hashes": [
                "sha256:4f83dfb044bf72312d15f0632c4cf625de3c93912797a00801bd1564560c651e",
                "sha256:fc88885b44fd2f42d962d7ea6a1c9baf3d1551adddb92acc861be17418183fa0"
            ],
            "index": "pypi",
            "version": "==18.5.2"
        },
        "automat": {
            "hashes": [
                "sha256:2140297df155f7990f6f4c73b2ab0583bd8150db9ed2a1b48122abe66e9908c1",
                "sha256:3c1fd04ecf08ac87b4dd3feae409542e9bf7827257097b2b6ed5692f69d6f6a8"
            ],
            "index": "pypi",
            "version": "==0.6.0"
        },
        "backcall": {
            "hashes": [
                "sha256:38ecd85be2c1e78f77fd91700c76e14667dc21e2713b63876c0eb901196e01e4",
                "sha256:bbbf4b1e5cd2bdb08f915895b51081c041bac22394fdfcfdfbe9f14b77c08bf2"
            ],
            "index": "pypi",
            "version": "==0.1.0"
        },
        "cachetools": {
            "hashes": [
                "sha256:90f1d559512fc073483fe573ef5ceb39bf6ad3d39edc98dc55178a2b2b176fa3",
                "sha256:d1c398969c478d336f767ba02040fa22617333293fb0b8968e79b16028dfee35"
            ],
            "index": "pypi",
            "version": "==2.1.0"
        },
        "certifi": {
            "hashes": [
                "sha256:13e698f54293db9f89122b0581843a782ad0934a4fe0172d2a980ba77fc61bb7",
                "sha256:9fa520c1bacfb634fa7af20a76bcbd3d5fb390481724c597da32c719a7dca4b0"
            ],
            "index": "pypi",
            "version": "==2018.4.16"
        },
        "channels": {
            "hashes": [
                "sha256:8f326d24c72539619261333d1551359432fddc043df758fb392c037c0158b7e9",
                "sha256:a3a454d6efe5b724e7c73b4d73ef743802dd011729b831e4afa867126f864299"
            ],
            "index": "pypi",
            "version": "==2.1.1"
        },
        "channels-redis": {
            "hashes": [
                "sha256:5c2bde69a205efd448fe012d09d320dbdeb4a37212c0999fc250ea9730a79905",
                "sha256:997630e71b8b4d9f9bd0f6ac2562c146b7ffea0e89c8d3347c0eccc1e4f7d155"
            ],
            "index": "pypi",
            "version": "==2.2.1"
        },
        "chardet": {
            "hashes": [
                "sha256:84ab92ed1c4d4f16916e05906b6b75a6c0fb5db821cc65e70cbd64a3e2a5eaae",
                "sha256:fc323ffcaeaed0e0a02bf4d117757b98aed530d9ed4531e3e15460124c106691"
            ],
            "index": "pypi",
            "version": "==3.0.4"
        },
        "constantly": {
            "hashes": [
                "sha256:586372eb92059873e29eba4f9dec8381541b4d3834660707faf8ba59146dfc35",
                "sha256:dd2fa9d6b1a51a83f0d7dd76293d734046aa176e384bf6e33b7e44880eb37c5d"
            ],
            "index": "pypi",
            "version": "==15.1.0"
        },
        "daphne": {
            "hashes": [
                "sha256:e2a5f5a334fb9cd1bd61893f0880e66c9463dae1a8010b50be8a7277ccb54480",
                "sha256:eb6177389c63ed8f0d92db065c7a045359ad79ccf14ad9fc8450a77f66749701"
            ],
            "index": "pypi",
            "version": "==2.2.2"
        },
        "decorator": {
            "hashes": [
                "sha256:2c51dff8ef3c447388fe5e4453d24a2bf128d3a4c32af3fabef1f01c6851ab82",
                "sha256:c39efa13fbdeb4506c476c9b3babf6a718da943dab7811c206005a4a956c080c"
            ],
            "index": "pypi",
            "version": "==4.3.0"
        },
        "django": {
            "hashes": [
                "sha256:acdcc1f61fdb0a0c82a1d3bf1879a414e7732ea894a7632af7f6d66ec7ab5bb3",
                "sha256:efbcad7ebb47daafbcead109b38a5bd519a3c3cd92c6ed0f691ff97fcdd16b45"
            ],
            "index": "pypi",
            "version": "==2.1.2"
        },
        "django-cors-headers": {
            "hashes": [
                "sha256:0e9532628b3aa8806442d4d0b15e56112e6cfbef3735e13401935c98b842a2b4",
                "sha256:c7ec4816ec49416517b84f317499d1519db62125471922ab78d670474ed9b987"
            ],
            "index": "pypi",
            "version": "==2.2.0"
        },
        "djangorestframework": {
            "hashes": [
                "sha256:79c6efbb2514bc50cf25906d7c0a5cfead714c7af667ff4bd110312cd380ae66",
                "sha256:a4138613b67e3a223be6c97f53b13d759c5b90d2b433bad670b8ebf95402075f"
            ],
            "index": "pypi",
            "version": "==3.9.1"
        },
        "google-auth": {
            "hashes": [
                "sha256:1745c9066f698eac3da99cef082914495fb71bc09597ba7626efbbb64c4acc57",
                "sha256:82a34e1a59ad35f01484d283d2a36b7a24c8c404a03a71b3afddd0a4d31e169f"
            ],
            "index": "pypi",
            "version": "==1.5.0"
        },
        "grpcio": {
            "hashes": [
                "sha256:0feade5de967be3c9ee041662d1347fc537ad05ccbcf05bcf1efa05072bef926",
                "sha256:1ae02a9787cf2c5f25add0806f6271283b6074ab8619077d2b5c9037950c890b",
                "sha256:2d7215dca11ba4aa49cc6c05b37e4b0a0f99727c8604e8ccd5ef1f6e06332200",
                "sha256:35a4f6ffae88ce6a461e503ae91b62dc5c96013cafc717f2d7139686b5c39969",
                "sha256:3be7635b4308e06449b2275a5e96a030bbf82ba6797ae8947f14667491924d81",
                "sha256:3d1b3e7042a41b167334f718842f13deb80287886c9160efe31252602b13a128",
                "sha256:468d4ce007cb859d5f9440cf4a7461cc172fd07d690300f4db88afaa78f01003",
                "sha256:59a2fb52d286a38b9cbc7434eb473026fde0b20c223a10a99f5c3d4e395c2c2b",
                "sha256:59c7670c902acce952ba709d9126cda87a45d7fed6bd568868e74171e4acd7f7",
                "sha256:5b03fd3941c5e1a5deb01026bae025d319b38d3facb3e5fc491bca73e908d69e",
                "sha256:65842e698776f4e49f62346c0f80fc31b34907e0df4247650c643113ef167122",
                "sha256:68dbe71f890475e2824afbc5dc72714d1fca668bc15df0954bda4a8a5a53d0c7",
                "sha256:868973b64b7e2464e5297cc660da588c542c175e85f6d2f7490d86c0dd5dbb4c",
                "sha256:86f0c2062fde76789f7cdbf67d4ede116e7e1ceaf4c327fff7b9d17eb5852403",
                "sha256:9444863aaba55b662719e22680f11134182604619f241cc607020e5b3786f4cd",
                "sha256:9ac704e25d271af62c1ea72f1cb42ec7938f26f00314a8f324999ac5e1bf55eb",
                "sha256:a02ef0354fb455a9ce2ad869a40f28f20a64147d46557c59b7269a15832c36d2",
                "sha256:aabcdc960633231f9575252c061b480fc56a1ff6dcc7999fa5d4968f574d894f",
                "sha256:b47a19a3be2f9608b4296bd16374c9a922d3206cf0a917792801a5cef5a2fa23",
                "sha256:bf7bfe162057e6f1e3f4613b2a5f1157c8e286bddeaa40f7b8ce5054cb4b1413",
                "sha256:c3cf3f431b41c39aa1501458d0e46086e699836536af873fe028dda1dfc6bcbd",
                "sha256:cc7bd47eca988831d58a618908c825204d6ee8e90cdb9854a09b52a3b76ac168",
                "sha256:cde83440fb4691d1bd8620ea919a9bd3199e6725e72d2c0d94898a2774c255ee",
                "sha256:e1a03666852b956f7949c2a7f187dd54406cae2874c2ce26c1a0dafddf812cb2",
                "sha256:e322eb5dc533cfbf21a9e964ebab80da391a26234a82288bfce505058913dfac",
                "sha256:f0169d98670ef1db52e4f6930fd470c34731948350cabbe93087a8462b1f1da4",
                "sha256:f14faadfd09aa8526536cd2149e274563f45b767fca1736ccc53803a6af3f90e"
            ],
            "index": "pypi",
            "version": "==1.12.1"
        },
        "grpcio-tools": {
            "hashes": [
                "sha256:04c7ef1e26c48ee5481aa8a223cfdfe806355940786640b48004b4774d497b12",
                "sha256:08a2a50ed371a810b3d748562af46ad9c7d52bf69d0efec02cf5b7bac0f60a45",
                "sha256:108cbdc538187762ba104605176d0ad00fd434d8a844e856ccb55554843fd4b2",
                "sha256:39f5a138dfd0ec9ae593c1da099cf489431e337e200e9aaa1748352f06947eeb",
                "sha256:3afbbcdaffca42b46e244f28a44d7682c1af8c3e3bced38058f65dbaba4056db",
                "sha256:4f24978cb492a1351fbaba849eb4c77041f5a92886766cd1a7e8100e598acfe7",
                "sha256:52edf7d43092a0916205bf5a66b34196959856fb62d8ad3c4594e1c9637481b1",
                "sha256:5bd52f2741ddedbb5eb75c60032c7e47f0e2fa7079ca19dfb88a2c650b27367f",
                "sha256:5dbf70d561dcc3bc5f64a35211c3e4de2ea0f2142889c3ed1adb8aa83d72f581",
                "sha256:5ef3c19f9a9543a964aa95814e7213942a296633d41b8c3100ff53a984f3aec1",
                "sha256:75cc5bbfc3980e5504b0e1832d16b08fa2d8ff712ecd38372096251f24cb75b6",
                "sha256:7629e9537c7cf9e88b584e3a31b29f9e96190d4af16f53ce58083bce5e7271bc",
                "sha256:866c878f36e1f80b71caec274516a28f8be68d6ea1d1c92a829c31bf6805edb3",
                "sha256:8f28e48200ed633139ed8928f4b5b8e91563f9e1b55f143e22f1a9ce85cb6656",
                "sha256:8fba985279ebf6c2d5f0a52bfa39811d827f885321617746891ce2c13b6500c4",
                "sha256:9daf0691918ab041fad7abc6e8b30555f81cb7caf410739f005c6f4424ab736f",
                "sha256:9ee743c69490b695ac000e541fcb592babb42816341f906b6942d91c89024f71",
                "sha256:a4577a27b8c11ca75655b8a18f50b19997c6686fd719e351a22ee4b6b8cca67f",
                "sha256:a4be2d2fce3828d20c0b89ae6d189cf7eda64daaf4b3e7fb6c403f16d4f3ecf3",
                "sha256:a5bef139ebc5f61211cb82ea9b64b131899c7c83be051194c0c15009edf51199",
                "sha256:aebf24b933e06140b9b445db9886e8d96c4ecc1513c9bd0b636ead0eb706d8f1",
                "sha256:d418b2d91b73138781e81b867028f0592d8e506956ac5c5b285449c23e4d93c8",
                "sha256:d606ca49efe7714724be4115e80cd3fd1386baa5737604b332b271a4f67acebe",
                "sha256:e332eb7caa6f4c66f7e85b5b80d5714e2c2639012b62697ffd5014644a82f192",
                "sha256:eda2ee71f9d100fd0d26c924f961f93f9873d6e3a459eb1c8d1cfd6e6a02fcea",
                "sha256:fd38b7b22e4b1f3c511a54cf2a85dec2ec312fa166bb2289a4d92534ed972a10",
                "sha256:ffbc238059a84c9460bd28fe3e869ffdd8f16017cc3579ea6b7123f34cd9ec79"
            ],
            "index": "pypi",
            "version": "==1.12.1"
        },
        "gunicorn": {
            "hashes": [
                "sha256:7ef2b828b335ed58e3b64ffa84caceb0a7dd7c5ca12f217241350dec36a1d5dc",
                "sha256:bc59005979efb6d2dd7d5ba72d99f8a8422862ad17ff3a16e900684630dd2a10"
            ],
            "index": "pypi",
            "version": "==19.8.1"
        },
        "hiredis": {
            "hashes": [
                "sha256:013c4e31be95bd5d9e45a0f830743458249012dc1691b45b1710976c280074a0",
                "sha256:0805bd9e98551bc904e487388c871c039878e5bf8fefed26b504dfe505ac91b4",
                "sha256:09025bdda2a17294be015bccab7c1039ed41c95cdbef8915f27006c5204e656c",
                "sha256:3f8b334c59c474e2b92580d7f4fb6503a08c013ae8a877ffc5c252f899d90ac6",
                "sha256:45887ded08a2e819123124b5cec4ec1c7e272a8c453d35fecb6d36e5b8c54717",
                "sha256:587f56d987cfa9397362d2f772b34ea69e61637fc0093807525e94cb919aa027",
                "sha256:71303245ea72cd85e72705ad237eb9d3847cdeff45f4ec81b0fa08ef4941610f",
                "sha256:7fd22790038ea983a5ecf8e77697906f59e9f781873cc8c9d6618bebeed7fb0c",
                "sha256:824e223a0e5a3a7b81025aa35075b4be5eec7251cebb3d305b092bc6f0beacaa",
                "sha256:bb2744c6026fa4dc4fb6b58d7b36d62ce3f669bb785956d1e3705b7bdbc23e3c",
                "sha256:c8a2d8d874b1cf6fb104a777846cfa22224f44ce3bef451ec4ae5160082825f7",
                "sha256:ca958e13128e49674aa4a96f02746f5de5973f39b57297b84d59fd44d314d5b5",
                "sha256:f69bffe7c1ad38be95bbb2c3e5c3f6f4eecb28b2f431a3c3e1532509eea89c92"
            ],
            "index": "pypi",
            "version": "==0.2.0"
        },
        "hyperlink": {
            "hashes": [
                "sha256:98da4218a56b448c7ec7d2655cb339af1f7d751cf541469bb4fc28c4a4245b34",
                "sha256:f01b4ff744f14bc5d0a22a6b9f1525ab7d6312cb0ff967f59414bbac52f0a306"
            ],
            "index": "pypi",
            "version": "==18.0.0"
        },
        "idna": {
            "hashes": [
                "sha256:2c6a5de3089009e3da7c5dde64a141dbc8551d5b7f6cf4ed7c2568d0cc520a8f",
                "sha256:8c7309c718f94b3a625cb648ace320157ad16ff131ae0af362c9f21b80ef6ec4"
            ],
            "index": "pypi",
            "version": "==2.6"
        },
        "incremental": {
            "hashes": [
                "sha256:717e12246dddf231a349175f48d74d93e2897244939173b01974ab6661406b9f",
                "sha256:7b751696aaf36eebfab537e458929e194460051ccad279c72b755a167eebd4b3"
            ],
            "index": "pypi",
            "version": "==17.5.0"
        },
        "ipaddress": {
            "hashes": [
                "sha256:64b28eec5e78e7510698f6d4da08800a5c575caa4a286c93d651c5d3ff7b6794",
                "sha256:b146c751ea45cad6188dd6cf2d9b757f6f4f8d6ffb96a023e6f2e26eea02a72c"
            ],
            "index": "pypi",
            "version": "==1.0.22"
        },
        "ipdb": {
            "hashes": [
                "sha256:7081c65ed7bfe7737f83fa4213ca8afd9617b42ff6b3f1daf9a3419839a2a00a"
            ],
            "index": "pypi",
            "version": "==0.11"
        },
        "ipython": {
            "hashes": [
                "sha256:a0c96853549b246991046f32d19db7140f5b1a644cc31f0dc1edc86713b7676f",
                "sha256:eca537aa61592aca2fef4adea12af8e42f5c335004dfa80c78caf80e8b525e5c"
            ],
            "index": "pypi",
            "version": "==6.4.0"
        },
        "ipython-genutils": {
            "hashes": [
                "sha256:72dd37233799e619666c9f639a9da83c34013a73e8bbc79a7a6348d93c61fab8",
                "sha256:eb2e116e75ecef9d4d228fdc66af54269afa26ab4463042e33785b887c628ba8"
            ],
            "index": "pypi",
            "version": "==0.2.0"
        },
        "jedi": {
            "hashes": [
                "sha256:1972f694c6bc66a2fac8718299e2ab73011d653a6d8059790c3476d2353b99ad",
                "sha256:5861f6dc0c16e024cbb0044999f9cf8013b292c05f287df06d3d991a87a4eb89"
            ],
            "index": "pypi",
            "version": "==0.12.0"
        },
        "kubernetes": {
            "hashes": [
                "sha256:b370ab4abd925309db69a14a4723487948e9a83de60ca92782ec14992b741c89",
                "sha256:c80dcf531deca2037105df09c933355c80830ffbf9e496b5e6a3967ac6809ef7"
            ],
            "index": "pypi",
            "version": "==6.0.0"
        },
        "msgpack": {
            "hashes": [
                "sha256:0b3b1773d2693c70598585a34ca2715873ba899565f0a7c9a1545baef7e7fbdc",
                "sha256:0bae5d1538c5c6a75642f75a1781f3ac2275d744a92af1a453c150da3446138b",
                "sha256:0ee8c8c85aa651be3aa0cd005b5931769eaa658c948ce79428766f1bd46ae2c3",
                "sha256:1369f9edba9500c7a6489b70fdfac773e925342f4531f1e3d4c20ac3173b1ae0",
                "sha256:22d9c929d1d539f37da3d1b0e16270fa9d46107beab8c0d4d2bddffffe895cee",
                "sha256:2ff43e3247a1e11d544017bb26f580a68306cec7a6257d8818893c1fda665f42",
                "sha256:31a98047355d34d047fcdb55b09cb19f633cf214c705a765bd745456c142130c",
                "sha256:8767eb0032732c3a0da92cbec5ac186ef89a3258c6edca09161472ca0206c45f",
                "sha256:8acc8910218555044e23826980b950e96685dc48124a290c86f6f41a296ea172",
                "sha256:ab189a6365be1860a5ecf8159c248f12d33f79ea799ae9695fa6a29896dcf1d4",
                "sha256:cfd6535feb0f1cf1c7cdb25773e965cc9f92928244a8c3ef6f8f8a8e1f7ae5c4",
                "sha256:e274cd4480d8c76ec467a85a9c6635bbf2258f0649040560382ab58cabb44bcf",
                "sha256:f86642d60dca13e93260187d56c2bef2487aa4d574a669e8ceefcf9f4c26fd00",
                "sha256:f8a57cbda46a94ed0db55b73e6ab0c15e78b4ede8690fa491a0e55128d552bb0",
                "sha256:fcea97a352416afcbccd7af9625159d80704a25c519c251c734527329bb20d0e"
            ],
            "index": "pypi",
            "version": "==0.5.6"
        },
        "oauthlib": {
            "hashes": [
                "sha256:ac35665a61c1685c56336bda97d5eefa246f1202618a1d6f34fccb1bdd404162",
                "sha256:d883b36b21a6ad813953803edfa563b1b579d79ca758fe950d1bc9e8b326025b"
            ],
            "index": "pypi",
            "version": "==2.1.0"
        },
        "parso": {
            "hashes": [
                "sha256:35704a43a3c113cce4de228ddb39aab374b8004f4f2407d070b6a2ca784ce8a2",
                "sha256:895c63e93b94ac1e1690f5fdd40b65f07c8171e3e53cbd7793b5b96c0e0a7f24"
            ],
            "index": "pypi",
            "version": "==0.3.1"
        },
        "pexpect": {
            "hashes": [
                "sha256:2a8e88259839571d1251d278476f3eec5db26deb73a70be5ed5dc5435e418aba",
                "sha256:3fbd41d4caf27fa4a377bfd16fef87271099463e6fa73e92a52f92dfee5d425b"
            ],
            "index": "pypi",
            "version": "==4.6.0"
        },
        "pickleshare": {
            "hashes": [
                "sha256:84a9257227dfdd6fe1b4be1319096c20eb85ff1e82c7932f36efccfe1b09737b",
                "sha256:c9a2541f25aeabc070f12f452e1f2a8eae2abd51e1cd19e8430402bdf4c1d8b5"
            ],
            "index": "pypi",
            "version": "==0.7.4"
        },
        "prompt-toolkit": {
            "hashes": [
                "sha256:1df952620eccb399c53ebb359cc7d9a8d3a9538cb34c5a1344bdbeb29fbcc381",
                "sha256:3f473ae040ddaa52b52f97f6b4a493cfa9f5920c255a12dc56a7d34397a398a4",
                "sha256:858588f1983ca497f1cf4ffde01d978a3ea02b01c8a26a8bbc5cd2e66d816917"
            ],
            "index": "pypi",
            "version": "==1.0.15"
        },
        "protobuf": {
            "hashes": [
                "sha256:01ccd6d03449ae75b779fb5bf4ed62177d61afe3c5e6465ccf3f8b2e1a84afbe",
                "sha256:1d92cc30b0b46cced33adde5853d920179eb5ea8eecdee9552502a7f29cc3f21",
                "sha256:242e4c7ae565267a8bc8b92d707177f915607ea4bd73244bec6cbf4a49b96661",
                "sha256:3b60685732bd0cbdc802dfcb6071efbcf5d927ce3127c13c33ea1a8efae3aa76",
                "sha256:3f655e1f99c3e14d56ca900af1b9a4715b691319a295cc38939d7f77eabd5e7c",
                "sha256:560a38e692a69957a70ba0e5839aa67430efd63072bf91b0539dac19055694cd",
                "sha256:5c1c8f6a0a68a874e3beff89255959dd80fad45870e96c88944a1b81a22dd5f5",
                "sha256:628a3bf0794a8b3cabb18db11eb67cc10e0cc6e5525d557ae7b682bb73fa2018",
                "sha256:7222d6616108b33ad6cbeff8117062a73c43cdc8fa8f64f6a322ebeb663e710e",
                "sha256:76ef6ca3c50e4cfd044861586d5f1b352e0fe7f17f883df6c165bad5b4d0e10a",
                "sha256:7c193e6964e752bd056735594826c5b03274ceb8f07349d3ae47d9766250ba96",
                "sha256:869e12bcfb5759e683f53ec1dd6155b7be034065431da289f0cb4510040a0799",
                "sha256:905414e5ea6cdb78d8730f66335755152b46685fcb9fc2f2134024e3ea9e8dcc",
                "sha256:ac0067e3c60737865ed72bb7416e02297d229d960902802d874c0e167128c809",
                "sha256:bcfa99f5a82f5eaaf6e5cee5bfdca5a1670f5740aec1d93dae170645ed1a16b0",
                "sha256:cc94079ae6cbcea5ae194464a30f3223f075e06a0446f52bca9ddbeb6e9f412a",
                "sha256:d5d9edfdc5a3a01d06062d677b121081629782edf0e05ca1be14f15bb947eeee",
                "sha256:e269ab7a50bf0fa6fe6a88ea7dcc7a1079ae9450d9ab9b7730ac32916d55508b",
                "sha256:e7fd33a3474cbe18fd5b5620784a0fa21fcae3e402b1806e29c6b450c7f61706"
            ],
            "index": "pypi",
            "version": "==3.5.2.post1"
        },
        "ptyprocess": {
            "hashes": [
                "sha256:e64193f0047ad603b71f202332ab5527c5e52aa7c8b609704fc28c0dc20c4365",
                "sha256:e8c43b5eee76b2083a9badde89fd1bbce6c8942d1045146e100b7b5e014f4f1a"
            ],
            "index": "pypi",
            "version": "==0.5.2"
        },
        "pyasn1": {
            "hashes": [
                "sha256:a66dcda18dbf6e4663bde70eb30af3fc4fe1acb2d14c4867a861681887a5f9a2",
                "sha256:fb81622d8f3509f0026b0683fe90fea27be7284d3826a5f2edf97f69151ab0fc"
            ],
            "index": "pypi",
            "version": "==0.4.3"
        },
        "pyasn1-modules": {
            "hashes": [
                "sha256:47fb6757ab78fe966e7c58b2030b546854f78416d653163f0ce9290cf2278e8b",
                "sha256:af00ea8f2022b6287dc375b2c70f31ab5af83989fc6fe9eacd4976ce26cd7ccc"
            ],
            "index": "pypi",
            "version": "==0.2.1"
        },
        "pygments": {
            "hashes": [
                "sha256:78f3f434bcc5d6ee09020f92ba487f95ba50f1e3ef83ae96b9d5ffa1bab25c5d",
                "sha256:dbae1046def0efb574852fab9e90209b23f556367b5a320c0bcb871c77c3e8cc"
            ],
            "index": "pypi",
            "version": "==2.2.0"
        },
        "pyhamcrest": {
            "hashes": [
                "sha256:6b672c02fdf7470df9674ab82263841ce8333fb143f32f021f6cb26f0e512420",
                "sha256:8ffaa0a53da57e89de14ced7185ac746227a8894dbd5a3c718bf05ddbd1d56cd"
            ],
            "version": "==1.9.0"
        },
        "python-dateutil": {
            "hashes": [
                "sha256:1adb80e7a782c12e52ef9a8182bebeb73f1d7e24e374397af06fb4956c8dc5c0",
                "sha256:e27001de32f627c22380a688bcc43ce83504a7bc5da472209b4c70f02829f0b8"
            ],
            "index": "pypi",
            "version": "==2.7.3"
        },
        "pytz": {
            "hashes": [
                "sha256:65ae0c8101309c45772196b21b74c46b2e5d11b6275c45d251b150d5da334555",
                "sha256:c06425302f2cf668f1bba7a0a03f3c1d34d4ebeef2c72003da308b3947c7f749"
            ],
            "index": "pypi",
            "version": "==2018.4"
        },
        "pyyaml": {
            "hashes": [
                "sha256:16b20e970597e051997d90dc2cddc713a2876c47e3d92d59ee198700c5427736",
                "sha256:3262c96a1ca437e7e4763e2843746588a965426550f3797a79fca9c6199c431f",
                "sha256:592766c6303207a20efc445587778322d7f73b161bd994f227adaa341ba212ab",
                "sha256:5ac82e411044fb129bae5cfbeb3ba626acb2af31a8d17d175004b70862a741a7",
                "sha256:827dc04b8fa7d07c44de11fabbc888e627fa8293b695e0f99cb544fdfa1bf0d1",
                "sha256:bc6bced57f826ca7cb5125a10b23fd0f2fff3b7c4701d64c439a300ce665fff8",
                "sha256:c01b880ec30b5a6e6aa67b09a2fe3fb30473008c85cd6a67359a1b15ed6d83a4",
                "sha256:e863072cdf4c72eebf179342c94e6989c67185842d9997960b3e69290b2fa269"
            ],
            "index": "pypi",
            "version": "==3.12"
        },
        "requests": {
            "hashes": [
                "sha256:63b52e3c866428a224f97cab011de738c36aec0185aa91cfacd418b5d58911d1",
                "sha256:ec22d826a36ed72a7358ff3fe56cbd4ba69dd7a6718ffd450ff0e9df7a47ce6a"
            ],
            "index": "pypi",
            "version": "==2.19.1"
        },
        "requests-oauthlib": {
            "hashes": [
                "sha256:8886bfec5ad7afb391ed5443b1f697c6f4ae98d0e5620839d8b4499c032ada3f",
                "sha256:e21232e2465808c0e892e0e4dbb8c2faafec16ac6dc067dd546e9b466f3deac8"
            ],
            "index": "pypi",
            "version": "==1.0.0"
        },
        "rsa": {
            "hashes": [
                "sha256:25df4e10c263fb88b5ace923dd84bf9aa7f5019687b5e55382ffcdb8bede9db5",
                "sha256:43f682fea81c452c98d09fc316aae12de6d30c4b5c84226642cf8f8fd1c93abd"
            ],
            "index": "pypi",
            "version": "==3.4.2"
        },
        "simplegeneric": {
            "hashes": [
                "sha256:dc972e06094b9af5b855b3df4a646395e43d1c9d0d39ed345b7393560d0b9173"
            ],
            "index": "pypi",
            "version": "==0.8.1"
        },
        "six": {
            "hashes": [
                "sha256:70e8a77beed4562e7f14fe23a786b54f6296e34344c23bc42f07b15018ff98e9",
                "sha256:832dc0e10feb1aa2c68dcc57dbb658f1c7e65b9b61af69048abc87a2db00a0eb"
            ],
            "index": "pypi",
            "version": "==1.11.0"
        },
        "traitlets": {
            "hashes": [
                "sha256:9c4bd2d267b7153df9152698efb1050a5d84982d3384a37b2c1f7723ba3e7835",
                "sha256:c6cb5e6f57c5a9bdaa40fa71ce7b4af30298fbab9ece9815b5d995ab6217c7d9"
            ],
            "index": "pypi",
            "version": "==4.3.2"
        },
        "twisted": {
            "hashes": [
                "sha256:5de7b79b26aee64efe63319bb8f037af88c21287d1502b39706c818065b3d5a4",
                "sha256:95ae985716e8107816d8d0df249d558dbaabb677987cc2ace45272c166b267e4"
            ],
            "index": "pypi",
            "version": "==18.7.0"
        },
        "txaio": {
            "hashes": [
                "sha256:67e360ac73b12c52058219bb5f8b3ed4105d2636707a36a7cdafb56fe06db7fe",
                "sha256:b6b235d432cc58ffe111b43e337db71a5caa5d3eaa88f0eacf60b431c7626ef5"
            ],
            "index": "pypi",
            "version": "==18.8.1"
        },
        "urllib3": {
            "hashes": [
                "sha256:a68ac5e15e76e7e5dd2b8f94007233e01effe3e50e8daddf69acfd81cb686baf",
                "sha256:b5725a0bd4ba422ab0e66e89e030c806576753ea3ee08554382c14e685d117b5"
            ],
            "index": "pypi",
            "version": "==1.23"
        },
        "wcwidth": {
            "hashes": [
                "sha256:3df37372226d6e63e1b1e1eda15c594bca98a22d33a23832a90998faa96bc65e",
                "sha256:f4ebe71925af7b40a864553f761ed559b43544f8f71746c2d756c7fe788ade7c"
            ],
            "index": "pypi",
            "version": "==0.1.7"
        },
        "websocket-client": {
            "hashes": [
                "sha256:18f1170e6a1b5463986739d9fd45c4308b0d025c1b2f9b88788d8f69e8a5eb4a",
                "sha256:db70953ae4a064698b27ae56dcad84d0ee68b7b43cb40940f537738f38f510c1"
            ],
            "index": "pypi",
            "version": "==0.48.0"
        },
        "zope.interface": {
            "hashes": [
                "sha256:21506674d30c009271fe68a242d330c83b1b9d76d62d03d87e1e9528c61beea6",
                "sha256:3d184aff0756c44fff7de69eb4cd5b5311b6f452d4de28cb08343b3f21993763",
                "sha256:40c89d3a4e7e6c20db80be638a0a2be103b659ae3b2fc92e25ef1c7ac11be798",
                "sha256:425e1458d7b893f3ae2fb1bd8344e7bb0beaa114cdc91299c797442638021a17",
                "sha256:467d364b24cb398f76ad5e90398d71b9325eb4232be9e8a50d6a3b3c7a1c8789",
                "sha256:4d17483ec4177ee085e690d8d4104de913392250bc50f41fb240c9f378bfb88b",
                "sha256:57c38470d9f57e37afb460c399eb254e7193ac7fb8042bd09bdc001981a9c74c",
                "sha256:727aa737a48dd33d6859296f15edb54e85ccdfa5667513f7a50daf362b3df75b",
                "sha256:7307f7e341f47f057756e1e0e9f5bad85d4cf55a6a8aaafe681e2e5e5dd79446",
                "sha256:9ada83f4384bbb12dedc152bcdd46a3ac9f5f7720d43ac3ce3e8e8b91d733c10",
                "sha256:a1daf9c5120f3cc6f2b5fef8e1d2a3fb7bbbb20ed4bfdc25bc8364bc62dcf54b",
                "sha256:aa1f22d5380d440c78bd9b13dbe697292422277a30eeabcd0ba66b6e37a25ef1",
                "sha256:b445e2d58d8faa94a9ae863ed10c661e05d7ba6ce00548867a0153e6d927e4a2",
                "sha256:c2a0ba07228921393b0e28d7306bf8652d5d392cff7eea3f4c0ba599b28f85de",
                "sha256:e6b77ae84f2b8502d99a7855fa33334a1eb6159de45626905cb3e454c023f339",
                "sha256:e881ef610ff48aece2f4ee2af03d2db1a146dc7c705561bd6089b2356f61641f",
                "sha256:ec3cdfb92f714fc02aaf390ee34e7fa636a0478a0976733ac2b39bc23b11a095",
                "sha256:ef4b9bf3ff28a874a2becda91c281ef4dbc89f9ceacfb1d11040893080a48e18",
                "sha256:f41037260deaacb875db250021fe883bf536bf6414a4fd25b25059b02e31b120"
            ],
            "index": "pypi",
            "version": "==4.5.0"
        }
    },
    "develop": {}
}
